// !$*UTF8*$!
{
	archiveVersion = 1;
	classes = {
	};
	objectVersion = 56;
	objects = {

/* Begin PBXBuildFile section */
		07480FCA2B18B65A000615E6 /* DetailView.swift in Sources */ = {isa = PBXBuildFile; fileRef = 07480FC92B18B65A000615E6 /* DetailView.swift */; };
		07480FCC2B18B8E0000615E6 /* DetailConfigurator.swift in Sources */ = {isa = PBXBuildFile; fileRef = 07480FCB2B18B8E0000615E6 /* DetailConfigurator.swift */; };
		07480FCF2B18BDDF000615E6 /* UIImageView.swift in Sources */ = {isa = PBXBuildFile; fileRef = 07480FCE2B18BDDF000615E6 /* UIImageView.swift */; };
		07480FD12B18DCB7000615E6 /* DetailModel.swift in Sources */ = {isa = PBXBuildFile; fileRef = 07480FD02B18DCB7000615E6 /* DetailModel.swift */; };
		07480FD32B18DD9C000615E6 /* DetailInteractor.swift in Sources */ = {isa = PBXBuildFile; fileRef = 07480FD22B18DD9C000615E6 /* DetailInteractor.swift */; };
		07480FD52B18DDB5000615E6 /* DetailPresenter.swift in Sources */ = {isa = PBXBuildFile; fileRef = 07480FD42B18DDB5000615E6 /* DetailPresenter.swift */; };
		07480FD72B18E083000615E6 /* DetailRouter.swift in Sources */ = {isa = PBXBuildFile; fileRef = 07480FD62B18E083000615E6 /* DetailRouter.swift */; };
		07B2473A2B182A6B008049EE /* AppDelegate.swift in Sources */ = {isa = PBXBuildFile; fileRef = 07B247392B182A6B008049EE /* AppDelegate.swift */; };
		07B2473C2B182A6B008049EE /* SceneDelegate.swift in Sources */ = {isa = PBXBuildFile; fileRef = 07B2473B2B182A6B008049EE /* SceneDelegate.swift */; };
		07B247432B182A6C008049EE /* Assets.xcassets in Resources */ = {isa = PBXBuildFile; fileRef = 07B247422B182A6C008049EE /* Assets.xcassets */; };
		07B247462B182A6C008049EE /* LaunchScreen.storyboard in Resources */ = {isa = PBXBuildFile; fileRef = 07B247442B182A6C008049EE /* LaunchScreen.storyboard */; };
		07B247512B182AE9008049EE /* HomeViewController.swift in Sources */ = {isa = PBXBuildFile; fileRef = 07B247502B182AE9008049EE /* HomeViewController.swift */; };
		07B247532B182AEE008049EE /* DetailViewController.swift in Sources */ = {isa = PBXBuildFile; fileRef = 07B247522B182AEE008049EE /* DetailViewController.swift */; };
		07B247552B182D64008049EE /* HomeInteractor.swift in Sources */ = {isa = PBXBuildFile; fileRef = 07B247542B182D63008049EE /* HomeInteractor.swift */; };
		07B247572B182DAA008049EE /* HomePresenter.swift in Sources */ = {isa = PBXBuildFile; fileRef = 07B247562B182DAA008049EE /* HomePresenter.swift */; };
		07B247592B1830AA008049EE /* HomeNetworkingWorker.swift in Sources */ = {isa = PBXBuildFile; fileRef = 07B247582B1830AA008049EE /* HomeNetworkingWorker.swift */; };
		07B2475C2B18339D008049EE /* HomeModel.swift in Sources */ = {isa = PBXBuildFile; fileRef = 07B2475B2B18339D008049EE /* HomeModel.swift */; };
		07B2475E2B183450008049EE /* HomeRouter.swift in Sources */ = {isa = PBXBuildFile; fileRef = 07B2475D2B183450008049EE /* HomeRouter.swift */; };
		07B247602B1841AA008049EE /* HomeConfigurator.swift in Sources */ = {isa = PBXBuildFile; fileRef = 07B2475F2B1841AA008049EE /* HomeConfigurator.swift */; };
		07B247622B184897008049EE /* HomeView.swift in Sources */ = {isa = PBXBuildFile; fileRef = 07B247612B184897008049EE /* HomeView.swift */; };
		07C7F4052B197DED00F586EC /* UserInfo.swift in Sources */ = {isa = PBXBuildFile; fileRef = 07C7F4042B197DED00F586EC /* UserInfo.swift */; };
		07C7F40B2B19D24D00F586EC /* DetailTableViewCell.swift in Sources */ = {isa = PBXBuildFile; fileRef = 07C7F40A2B19D24D00F586EC /* DetailTableViewCell.swift */; };
		07FC73CD2B1C67FE00088F92 /* HomeInteractorTests.swift in Sources */ = {isa = PBXBuildFile; fileRef = 07FC73CC2B1C67FE00088F92 /* HomeInteractorTests.swift */; };
		07FC73D42B1CB2B500088F92 /* HomePresenterTests.swift in Sources */ = {isa = PBXBuildFile; fileRef = 07FC73D32B1CB2B500088F92 /* HomePresenterTests.swift */; };
		07FC73D62B1CC19900088F92 /* HomeViewControllerTests.swift in Sources */ = {isa = PBXBuildFile; fileRef = 07FC73D52B1CC19900088F92 /* HomeViewControllerTests.swift */; };
		07FC73D82B1CC1DF00088F92 /* HomeNetworkingWorkerTests.swift in Sources */ = {isa = PBXBuildFile; fileRef = 07FC73D72B1CC1DF00088F92 /* HomeNetworkingWorkerTests.swift */; };
/* End PBXBuildFile section */

/* Begin PBXContainerItemProxy section */
		07FC73CE2B1C67FE00088F92 /* PBXContainerItemProxy */ = {
			isa = PBXContainerItemProxy;
			containerPortal = 07B2472E2B182A6B008049EE /* Project object */;
			proxyType = 1;
			remoteGlobalIDString = 07B247352B182A6B008049EE;
			remoteInfo = UIKitVIPStudy;
		};
/* End PBXContainerItemProxy section */

/* Begin PBXFileReference section */
		07480FC92B18B65A000615E6 /* DetailView.swift */ = {isa = PBXFileReference; lastKnownFileType = sourcecode.swift; path = DetailView.swift; sourceTree = "<group>"; };
		07480FCB2B18B8E0000615E6 /* DetailConfigurator.swift */ = {isa = PBXFileReference; lastKnownFileType = sourcecode.swift; path = DetailConfigurator.swift; sourceTree = "<group>"; };
		07480FCE2B18BDDF000615E6 /* UIImageView.swift */ = {isa = PBXFileReference; lastKnownFileType = sourcecode.swift; path = UIImageView.swift; sourceTree = "<group>"; };
		07480FD02B18DCB7000615E6 /* DetailModel.swift */ = {isa = PBXFileReference; lastKnownFileType = sourcecode.swift; path = DetailModel.swift; sourceTree = "<group>"; };
		07480FD22B18DD9C000615E6 /* DetailInteractor.swift */ = {isa = PBXFileReference; lastKnownFileType = sourcecode.swift; path = DetailInteractor.swift; sourceTree = "<group>"; };
		07480FD42B18DDB5000615E6 /* DetailPresenter.swift */ = {isa = PBXFileReference; lastKnownFileType = sourcecode.swift; path = DetailPresenter.swift; sourceTree = "<group>"; };
		07480FD62B18E083000615E6 /* DetailRouter.swift */ = {isa = PBXFileReference; lastKnownFileType = sourcecode.swift; path = DetailRouter.swift; sourceTree = "<group>"; };
		07B247362B182A6B008049EE /* UIKitVIPStudy.app */ = {isa = PBXFileReference; explicitFileType = wrapper.application; includeInIndex = 0; path = UIKitVIPStudy.app; sourceTree = BUILT_PRODUCTS_DIR; };
		07B247392B182A6B008049EE /* AppDelegate.swift */ = {isa = PBXFileReference; lastKnownFileType = sourcecode.swift; path = AppDelegate.swift; sourceTree = "<group>"; };
		07B2473B2B182A6B008049EE /* SceneDelegate.swift */ = {isa = PBXFileReference; lastKnownFileType = sourcecode.swift; path = SceneDelegate.swift; sourceTree = "<group>"; };
		07B247422B182A6C008049EE /* Assets.xcassets */ = {isa = PBXFileReference; lastKnownFileType = folder.assetcatalog; path = Assets.xcassets; sourceTree = "<group>"; };
		07B247452B182A6C008049EE /* Base */ = {isa = PBXFileReference; lastKnownFileType = file.storyboard; name = Base; path = Base.lproj/LaunchScreen.storyboard; sourceTree = "<group>"; };
		07B247472B182A6C008049EE /* Info.plist */ = {isa = PBXFileReference; lastKnownFileType = text.plist.xml; path = Info.plist; sourceTree = "<group>"; };
		07B247502B182AE9008049EE /* HomeViewController.swift */ = {isa = PBXFileReference; lastKnownFileType = sourcecode.swift; path = HomeViewController.swift; sourceTree = "<group>"; };
		07B247522B182AEE008049EE /* DetailViewController.swift */ = {isa = PBXFileReference; lastKnownFileType = sourcecode.swift; path = DetailViewController.swift; sourceTree = "<group>"; };
		07B247542B182D63008049EE /* HomeInteractor.swift */ = {isa = PBXFileReference; lastKnownFileType = sourcecode.swift; path = HomeInteractor.swift; sourceTree = "<group>"; };
		07B247562B182DAA008049EE /* HomePresenter.swift */ = {isa = PBXFileReference; lastKnownFileType = sourcecode.swift; path = HomePresenter.swift; sourceTree = "<group>"; };
		07B247582B1830AA008049EE /* HomeNetworkingWorker.swift */ = {isa = PBXFileReference; lastKnownFileType = sourcecode.swift; path = HomeNetworkingWorker.swift; sourceTree = "<group>"; };
		07B2475B2B18339D008049EE /* HomeModel.swift */ = {isa = PBXFileReference; lastKnownFileType = sourcecode.swift; path = HomeModel.swift; sourceTree = "<group>"; };
		07B2475D2B183450008049EE /* HomeRouter.swift */ = {isa = PBXFileReference; lastKnownFileType = sourcecode.swift; path = HomeRouter.swift; sourceTree = "<group>"; };
		07B2475F2B1841AA008049EE /* HomeConfigurator.swift */ = {isa = PBXFileReference; lastKnownFileType = sourcecode.swift; path = HomeConfigurator.swift; sourceTree = "<group>"; };
		07B247612B184897008049EE /* HomeView.swift */ = {isa = PBXFileReference; lastKnownFileType = sourcecode.swift; path = HomeView.swift; sourceTree = "<group>"; };
		07C7F4042B197DED00F586EC /* UserInfo.swift */ = {isa = PBXFileReference; lastKnownFileType = sourcecode.swift; path = UserInfo.swift; sourceTree = "<group>"; };
		07C7F40A2B19D24D00F586EC /* DetailTableViewCell.swift */ = {isa = PBXFileReference; lastKnownFileType = sourcecode.swift; path = DetailTableViewCell.swift; sourceTree = "<group>"; };
		07FC73CA2B1C67FE00088F92 /* UIKitVIPStudyTests.xctest */ = {isa = PBXFileReference; explicitFileType = wrapper.cfbundle; includeInIndex = 0; path = UIKitVIPStudyTests.xctest; sourceTree = BUILT_PRODUCTS_DIR; };
		07FC73CC2B1C67FE00088F92 /* HomeInteractorTests.swift */ = {isa = PBXFileReference; lastKnownFileType = sourcecode.swift; path = HomeInteractorTests.swift; sourceTree = "<group>"; };
		07FC73D32B1CB2B500088F92 /* HomePresenterTests.swift */ = {isa = PBXFileReference; lastKnownFileType = sourcecode.swift; path = HomePresenterTests.swift; sourceTree = "<group>"; };
		07FC73D52B1CC19900088F92 /* HomeViewControllerTests.swift */ = {isa = PBXFileReference; lastKnownFileType = sourcecode.swift; path = HomeViewControllerTests.swift; sourceTree = "<group>"; };
		07FC73D72B1CC1DF00088F92 /* HomeNetworkingWorkerTests.swift */ = {isa = PBXFileReference; lastKnownFileType = sourcecode.swift; path = HomeNetworkingWorkerTests.swift; sourceTree = "<group>"; };
/* End PBXFileReference section */

/* Begin PBXFrameworksBuildPhase section */
		07B247332B182A6B008049EE /* Frameworks */ = {
			isa = PBXFrameworksBuildPhase;
			buildActionMask = 2147483647;
			files = (
			);
			runOnlyForDeploymentPostprocessing = 0;
		};
		07FC73C72B1C67FE00088F92 /* Frameworks */ = {
			isa = PBXFrameworksBuildPhase;
			buildActionMask = 2147483647;
			files = (
			);
			runOnlyForDeploymentPostprocessing = 0;
		};
/* End PBXFrameworksBuildPhase section */

/* Begin PBXGroup section */
		073FFC672B1AF7BF00894580 /* Interactor */ = {
			isa = PBXGroup;
			children = (
				07B247542B182D63008049EE /* HomeInteractor.swift */,
				07B247582B1830AA008049EE /* HomeNetworkingWorker.swift */,
				07B2475B2B18339D008049EE /* HomeModel.swift */,
			);
			path = Interactor;
			sourceTree = "<group>";
		};
		073FFC682B1AF80E00894580 /* Presenter */ = {
			isa = PBXGroup;
			children = (
				07480FD42B18DDB5000615E6 /* DetailPresenter.swift */,
			);
			path = Presenter;
			sourceTree = "<group>";
		};
		07480FCD2B18BDD0000615E6 /* Extension */ = {
			isa = PBXGroup;
			children = (
				07480FCE2B18BDDF000615E6 /* UIImageView.swift */,
			);
			path = Extension;
			sourceTree = "<group>";
		};
		07B2472D2B182A6B008049EE = {
			isa = PBXGroup;
			children = (
				07B247382B182A6B008049EE /* UIKitVIPStudy */,
				07FC73CB2B1C67FE00088F92 /* UIKitVIPStudyTests */,
				07B247372B182A6B008049EE /* Products */,
			);
			sourceTree = "<group>";
		};
		07B247372B182A6B008049EE /* Products */ = {
			isa = PBXGroup;
			children = (
				07B247362B182A6B008049EE /* UIKitVIPStudy.app */,
				07FC73CA2B1C67FE00088F92 /* UIKitVIPStudyTests.xctest */,
			);
			name = Products;
			sourceTree = "<group>";
		};
		07B247382B182A6B008049EE /* UIKitVIPStudy */ = {
			isa = PBXGroup;
			children = (
				07B247392B182A6B008049EE /* AppDelegate.swift */,
				07B2473B2B182A6B008049EE /* SceneDelegate.swift */,
				07B247422B182A6C008049EE /* Assets.xcassets */,
				07B247442B182A6C008049EE /* LaunchScreen.storyboard */,
				07B247472B182A6C008049EE /* Info.plist */,
				07480FCD2B18BDD0000615E6 /* Extension */,
				07C7F4032B197DC800F586EC /* Models */,
				07B2474D2B182ABA008049EE /* Scenes */,
			);
			path = UIKitVIPStudy;
			sourceTree = "<group>";
		};
		07B2474D2B182ABA008049EE /* Scenes */ = {
			isa = PBXGroup;
			children = (
				07B2474E2B182AC0008049EE /* Home */,
				07B2474F2B182AC4008049EE /* Detail */,
			);
			path = Scenes;
			sourceTree = "<group>";
		};
		07B2474E2B182AC0008049EE /* Home */ = {
			isa = PBXGroup;
			children = (
				07C7F4062B19AB2F00F586EC /* View */,
				073FFC672B1AF7BF00894580 /* Interactor */,
				07C7F4072B19AB3E00F586EC /* Presenter */,
			);
			path = Home;
			sourceTree = "<group>";
		};
		07B2474F2B182AC4008049EE /* Detail */ = {
			isa = PBXGroup;
			children = (
				07C7F4082B19AB7500F586EC /* View */,
				07C7F4092B19AB7A00F586EC /* Interactor */,
				073FFC682B1AF80E00894580 /* Presenter */,
			);
			path = Detail;
			sourceTree = "<group>";
		};
		07C7F4032B197DC800F586EC /* Models */ = {
			isa = PBXGroup;
			children = (
				07C7F4042B197DED00F586EC /* UserInfo.swift */,
			);
			path = Models;
			sourceTree = "<group>";
		};
		07C7F4062B19AB2F00F586EC /* View */ = {
			isa = PBXGroup;
			children = (
				07B2475F2B1841AA008049EE /* HomeConfigurator.swift */,
				07B2475D2B183450008049EE /* HomeRouter.swift */,
				07B247502B182AE9008049EE /* HomeViewController.swift */,
				07B247612B184897008049EE /* HomeView.swift */,
			);
			path = View;
			sourceTree = "<group>";
		};
		07C7F4072B19AB3E00F586EC /* Presenter */ = {
			isa = PBXGroup;
			children = (
				07B247562B182DAA008049EE /* HomePresenter.swift */,
			);
			path = Presenter;
			sourceTree = "<group>";
		};
		07C7F4082B19AB7500F586EC /* View */ = {
			isa = PBXGroup;
			children = (
				07480FCB2B18B8E0000615E6 /* DetailConfigurator.swift */,
				07480FD62B18E083000615E6 /* DetailRouter.swift */,
				07B247522B182AEE008049EE /* DetailViewController.swift */,
				07480FC92B18B65A000615E6 /* DetailView.swift */,
				07C7F40A2B19D24D00F586EC /* DetailTableViewCell.swift */,
			);
			path = View;
			sourceTree = "<group>";
		};
		07C7F4092B19AB7A00F586EC /* Interactor */ = {
			isa = PBXGroup;
			children = (
				07480FD22B18DD9C000615E6 /* DetailInteractor.swift */,
				07480FD02B18DCB7000615E6 /* DetailModel.swift */,
			);
			path = Interactor;
			sourceTree = "<group>";
		};
		07FC73CB2B1C67FE00088F92 /* UIKitVIPStudyTests */ = {
			isa = PBXGroup;
			children = (
				07FC73D92B1CC1FA00088F92 /* Home */,
				07FC73DA2B1CC1FE00088F92 /* Detail */,
			);
			path = UIKitVIPStudyTests;
			sourceTree = "<group>";
		};
		07FC73D92B1CC1FA00088F92 /* Home */ = {
			isa = PBXGroup;
			children = (
				07FC73D52B1CC19900088F92 /* HomeViewControllerTests.swift */,
				07FC73CC2B1C67FE00088F92 /* HomeInteractorTests.swift */,
				07FC73D32B1CB2B500088F92 /* HomePresenterTests.swift */,
				07FC73D72B1CC1DF00088F92 /* HomeNetworkingWorkerTests.swift */,
			);
			path = Home;
			sourceTree = "<group>";
		};
		07FC73DA2B1CC1FE00088F92 /* Detail */ = {
			isa = PBXGroup;
			children = (
			);
			path = Detail;
			sourceTree = "<group>";
		};
/* End PBXGroup section */

/* Begin PBXNativeTarget section */
		07B247352B182A6B008049EE /* UIKitVIPStudy */ = {
			isa = PBXNativeTarget;
			buildConfigurationList = 07B2474A2B182A6C008049EE /* Build configuration list for PBXNativeTarget "UIKitVIPStudy" */;
			buildPhases = (
				07B247322B182A6B008049EE /* Sources */,
				07B247332B182A6B008049EE /* Frameworks */,
				07B247342B182A6B008049EE /* Resources */,
			);
			buildRules = (
			);
			dependencies = (
			);
			name = UIKitVIPStudy;
			productName = UIKitVIPStudy;
			productReference = 07B247362B182A6B008049EE /* UIKitVIPStudy.app */;
			productType = "com.apple.product-type.application";
		};
		07FC73C92B1C67FE00088F92 /* UIKitVIPStudyTests */ = {
			isa = PBXNativeTarget;
			buildConfigurationList = 07FC73D02B1C67FE00088F92 /* Build configuration list for PBXNativeTarget "UIKitVIPStudyTests" */;
			buildPhases = (
				07FC73C62B1C67FE00088F92 /* Sources */,
				07FC73C72B1C67FE00088F92 /* Frameworks */,
				07FC73C82B1C67FE00088F92 /* Resources */,
			);
			buildRules = (
			);
			dependencies = (
				07FC73CF2B1C67FE00088F92 /* PBXTargetDependency */,
			);
			name = UIKitVIPStudyTests;
			productName = UIKitVIPStudyTests;
			productReference = 07FC73CA2B1C67FE00088F92 /* UIKitVIPStudyTests.xctest */;
			productType = "com.apple.product-type.bundle.unit-test";
		};
/* End PBXNativeTarget section */

/* Begin PBXProject section */
		07B2472E2B182A6B008049EE /* Project object */ = {
			isa = PBXProject;
			attributes = {
				BuildIndependentTargetsInParallel = 1;
				LastSwiftUpdateCheck = 1500;
				LastUpgradeCheck = 1500;
				TargetAttributes = {
					07B247352B182A6B008049EE = {
						CreatedOnToolsVersion = 15.0;
					};
					07FC73C92B1C67FE00088F92 = {
						CreatedOnToolsVersion = 15.0;
						TestTargetID = 07B247352B182A6B008049EE;
					};
				};
			};
			buildConfigurationList = 07B247312B182A6B008049EE /* Build configuration list for PBXProject "UIKitVIPStudy" */;
			compatibilityVersion = "Xcode 14.0";
			developmentRegion = en;
			hasScannedForEncodings = 0;
			knownRegions = (
				en,
				Base,
			);
			mainGroup = 07B2472D2B182A6B008049EE;
			productRefGroup = 07B247372B182A6B008049EE /* Products */;
			projectDirPath = "";
			projectRoot = "";
			targets = (
				07B247352B182A6B008049EE /* UIKitVIPStudy */,
				07FC73C92B1C67FE00088F92 /* UIKitVIPStudyTests */,
			);
		};
/* End PBXProject section */

/* Begin PBXResourcesBuildPhase section */
		07B247342B182A6B008049EE /* Resources */ = {
			isa = PBXResourcesBuildPhase;
			buildActionMask = 2147483647;
			files = (
				07B247462B182A6C008049EE /* LaunchScreen.storyboard in Resources */,
				07B247432B182A6C008049EE /* Assets.xcassets in Resources */,
			);
			runOnlyForDeploymentPostprocessing = 0;
		};
		07FC73C82B1C67FE00088F92 /* Resources */ = {
			isa = PBXResourcesBuildPhase;
			buildActionMask = 2147483647;
			files = (
			);
			runOnlyForDeploymentPostprocessing = 0;
		};
/* End PBXResourcesBuildPhase section */

/* Begin PBXSourcesBuildPhase section */
		07B247322B182A6B008049EE /* Sources */ = {
			isa = PBXSourcesBuildPhase;
			buildActionMask = 2147483647;
			files = (
				07480FCC2B18B8E0000615E6 /* DetailConfigurator.swift in Sources */,
				07B2475E2B183450008049EE /* HomeRouter.swift in Sources */,
				07480FCF2B18BDDF000615E6 /* UIImageView.swift in Sources */,
				07480FCA2B18B65A000615E6 /* DetailView.swift in Sources */,
				07B247552B182D64008049EE /* HomeInteractor.swift in Sources */,
				07B2473A2B182A6B008049EE /* AppDelegate.swift in Sources */,
				07480FD12B18DCB7000615E6 /* DetailModel.swift in Sources */,
				07B2473C2B182A6B008049EE /* SceneDelegate.swift in Sources */,
				07B247602B1841AA008049EE /* HomeConfigurator.swift in Sources */,
				07B247592B1830AA008049EE /* HomeNetworkingWorker.swift in Sources */,
				07B2475C2B18339D008049EE /* HomeModel.swift in Sources */,
				07B247512B182AE9008049EE /* HomeViewController.swift in Sources */,
				07B247622B184897008049EE /* HomeView.swift in Sources */,
				07B247572B182DAA008049EE /* HomePresenter.swift in Sources */,
				07B247532B182AEE008049EE /* DetailViewController.swift in Sources */,
				07480FD72B18E083000615E6 /* DetailRouter.swift in Sources */,
				07480FD32B18DD9C000615E6 /* DetailInteractor.swift in Sources */,
				07480FD52B18DDB5000615E6 /* DetailPresenter.swift in Sources */,
				07C7F40B2B19D24D00F586EC /* DetailTableViewCell.swift in Sources */,
				07C7F4052B197DED00F586EC /* UserInfo.swift in Sources */,
			);
			runOnlyForDeploymentPostprocessing = 0;
		};
		07FC73C62B1C67FE00088F92 /* Sources */ = {
			isa = PBXSourcesBuildPhase;
			buildActionMask = 2147483647;
			files = (
				07FC73D82B1CC1DF00088F92 /* HomeNetworkingWorkerTests.swift in Sources */,
				07FC73CD2B1C67FE00088F92 /* HomeInteractorTests.swift in Sources */,
				07FC73D62B1CC19900088F92 /* HomeViewControllerTests.swift in Sources */,
				07FC73D42B1CB2B500088F92 /* HomePresenterTests.swift in Sources */,
			);
			runOnlyForDeploymentPostprocessing = 0;
		};
/* End PBXSourcesBuildPhase section */

/* Begin PBXTargetDependency section */
		07FC73CF2B1C67FE00088F92 /* PBXTargetDependency */ = {
			isa = PBXTargetDependency;
			target = 07B247352B182A6B008049EE /* UIKitVIPStudy */;
			targetProxy = 07FC73CE2B1C67FE00088F92 /* PBXContainerItemProxy */;
		};
/* End PBXTargetDependency section */

/* Begin PBXVariantGroup section */
		07B247442B182A6C008049EE /* LaunchScreen.storyboard */ = {
			isa = PBXVariantGroup;
			children = (
				07B247452B182A6C008049EE /* Base */,
			);
			name = LaunchScreen.storyboard;
			sourceTree = "<group>";
		};
/* End PBXVariantGroup section */

/* Begin XCBuildConfiguration section */
		07B247482B182A6C008049EE /* Debug */ = {
			isa = XCBuildConfiguration;
			buildSettings = {
				ALWAYS_SEARCH_USER_PATHS = NO;
				ASSETCATALOG_COMPILER_GENERATE_SWIFT_ASSET_SYMBOL_EXTENSIONS = YES;
				CLANG_ANALYZER_NONNULL = YES;
				CLANG_ANALYZER_NUMBER_OBJECT_CONVERSION = YES_AGGRESSIVE;
				CLANG_CXX_LANGUAGE_STANDARD = "gnu++20";
				CLANG_ENABLE_MODULES = YES;
				CLANG_ENABLE_OBJC_ARC = YES;
				CLANG_ENABLE_OBJC_WEAK = YES;
				CLANG_WARN_BLOCK_CAPTURE_AUTORELEASING = YES;
				CLANG_WARN_BOOL_CONVERSION = YES;
				CLANG_WARN_COMMA = YES;
				CLANG_WARN_CONSTANT_CONVERSION = YES;
				CLANG_WARN_DEPRECATED_OBJC_IMPLEMENTATIONS = YES;
				CLANG_WARN_DIRECT_OBJC_ISA_USAGE = YES_ERROR;
				CLANG_WARN_DOCUMENTATION_COMMENTS = YES;
				CLANG_WARN_EMPTY_BODY = YES;
				CLANG_WARN_ENUM_CONVERSION = YES;
				CLANG_WARN_INFINITE_RECURSION = YES;
				CLANG_WARN_INT_CONVERSION = YES;
				CLANG_WARN_NON_LITERAL_NULL_CONVERSION = YES;
				CLANG_WARN_OBJC_IMPLICIT_RETAIN_SELF = YES;
				CLANG_WARN_OBJC_LITERAL_CONVERSION = YES;
				CLANG_WARN_OBJC_ROOT_CLASS = YES_ERROR;
				CLANG_WARN_QUOTED_INCLUDE_IN_FRAMEWORK_HEADER = YES;
				CLANG_WARN_RANGE_LOOP_ANALYSIS = YES;
				CLANG_WARN_STRICT_PROTOTYPES = YES;
				CLANG_WARN_SUSPICIOUS_MOVE = YES;
				CLANG_WARN_UNGUARDED_AVAILABILITY = YES_AGGRESSIVE;
				CLANG_WARN_UNREACHABLE_CODE = YES;
				CLANG_WARN__DUPLICATE_METHOD_MATCH = YES;
				COPY_PHASE_STRIP = NO;
				DEBUG_INFORMATION_FORMAT = dwarf;
				ENABLE_STRICT_OBJC_MSGSEND = YES;
				ENABLE_TESTABILITY = YES;
				ENABLE_USER_SCRIPT_SANDBOXING = YES;
				GCC_C_LANGUAGE_STANDARD = gnu17;
				GCC_DYNAMIC_NO_PIC = NO;
				GCC_NO_COMMON_BLOCKS = YES;
				GCC_OPTIMIZATION_LEVEL = 0;
				GCC_PREPROCESSOR_DEFINITIONS = (
					"DEBUG=1",
					"$(inherited)",
				);
				GCC_WARN_64_TO_32_BIT_CONVERSION = YES;
				GCC_WARN_ABOUT_RETURN_TYPE = YES_ERROR;
				GCC_WARN_UNDECLARED_SELECTOR = YES;
				GCC_WARN_UNINITIALIZED_AUTOS = YES_AGGRESSIVE;
				GCC_WARN_UNUSED_FUNCTION = YES;
				GCC_WARN_UNUSED_VARIABLE = YES;
				IPHONEOS_DEPLOYMENT_TARGET = 17.0;
				LOCALIZATION_PREFERS_STRING_CATALOGS = YES;
				MTL_ENABLE_DEBUG_INFO = INCLUDE_SOURCE;
				MTL_FAST_MATH = YES;
				ONLY_ACTIVE_ARCH = YES;
				SDKROOT = iphoneos;
				SWIFT_ACTIVE_COMPILATION_CONDITIONS = "DEBUG $(inherited)";
				SWIFT_OPTIMIZATION_LEVEL = "-Onone";
			};
			name = Debug;
		};
		07B247492B182A6C008049EE /* Release */ = {
			isa = XCBuildConfiguration;
			buildSettings = {
				ALWAYS_SEARCH_USER_PATHS = NO;
				ASSETCATALOG_COMPILER_GENERATE_SWIFT_ASSET_SYMBOL_EXTENSIONS = YES;
				CLANG_ANALYZER_NONNULL = YES;
				CLANG_ANALYZER_NUMBER_OBJECT_CONVERSION = YES_AGGRESSIVE;
				CLANG_CXX_LANGUAGE_STANDARD = "gnu++20";
				CLANG_ENABLE_MODULES = YES;
				CLANG_ENABLE_OBJC_ARC = YES;
				CLANG_ENABLE_OBJC_WEAK = YES;
				CLANG_WARN_BLOCK_CAPTURE_AUTORELEASING = YES;
				CLANG_WARN_BOOL_CONVERSION = YES;
				CLANG_WARN_COMMA = YES;
				CLANG_WARN_CONSTANT_CONVERSION = YES;
				CLANG_WARN_DEPRECATED_OBJC_IMPLEMENTATIONS = YES;
				CLANG_WARN_DIRECT_OBJC_ISA_USAGE = YES_ERROR;
				CLANG_WARN_DOCUMENTATION_COMMENTS = YES;
				CLANG_WARN_EMPTY_BODY = YES;
				CLANG_WARN_ENUM_CONVERSION = YES;
				CLANG_WARN_INFINITE_RECURSION = YES;
				CLANG_WARN_INT_CONVERSION = YES;
				CLANG_WARN_NON_LITERAL_NULL_CONVERSION = YES;
				CLANG_WARN_OBJC_IMPLICIT_RETAIN_SELF = YES;
				CLANG_WARN_OBJC_LITERAL_CONVERSION = YES;
				CLANG_WARN_OBJC_ROOT_CLASS = YES_ERROR;
				CLANG_WARN_QUOTED_INCLUDE_IN_FRAMEWORK_HEADER = YES;
				CLANG_WARN_RANGE_LOOP_ANALYSIS = YES;
				CLANG_WARN_STRICT_PROTOTYPES = YES;
				CLANG_WARN_SUSPICIOUS_MOVE = YES;
				CLANG_WARN_UNGUARDED_AVAILABILITY = YES_AGGRESSIVE;
				CLANG_WARN_UNREACHABLE_CODE = YES;
				CLANG_WARN__DUPLICATE_METHOD_MATCH = YES;
				COPY_PHASE_STRIP = NO;
				DEBUG_INFORMATION_FORMAT = "dwarf-with-dsym";
				ENABLE_NS_ASSERTIONS = NO;
				ENABLE_STRICT_OBJC_MSGSEND = YES;
				ENABLE_USER_SCRIPT_SANDBOXING = YES;
				GCC_C_LANGUAGE_STANDARD = gnu17;
				GCC_NO_COMMON_BLOCKS = YES;
				GCC_WARN_64_TO_32_BIT_CONVERSION = YES;
				GCC_WARN_ABOUT_RETURN_TYPE = YES_ERROR;
				GCC_WARN_UNDECLARED_SELECTOR = YES;
				GCC_WARN_UNINITIALIZED_AUTOS = YES_AGGRESSIVE;
				GCC_WARN_UNUSED_FUNCTION = YES;
				GCC_WARN_UNUSED_VARIABLE = YES;
				IPHONEOS_DEPLOYMENT_TARGET = 17.0;
				LOCALIZATION_PREFERS_STRING_CATALOGS = YES;
				MTL_ENABLE_DEBUG_INFO = NO;
				MTL_FAST_MATH = YES;
				SDKROOT = iphoneos;
				SWIFT_COMPILATION_MODE = wholemodule;
				VALIDATE_PRODUCT = YES;
			};
			name = Release;
		};
		07B2474B2B182A6C008049EE /* Debug */ = {
			isa = XCBuildConfiguration;
			buildSettings = {
				ASSETCATALOG_COMPILER_APPICON_NAME = AppIcon;
				ASSETCATALOG_COMPILER_GLOBAL_ACCENT_COLOR_NAME = AccentColor;
				CODE_SIGN_STYLE = Automatic;
				CURRENT_PROJECT_VERSION = 1;
				DEVELOPMENT_TEAM = YJF2RZ2K47;
				GENERATE_INFOPLIST_FILE = YES;
				INFOPLIST_FILE = UIKitVIPStudy/Info.plist;
				INFOPLIST_KEY_CFBundleDisplayName = "깃허브 사용자 검색";
				INFOPLIST_KEY_UIApplicationSupportsIndirectInputEvents = YES;
				INFOPLIST_KEY_UILaunchStoryboardName = LaunchScreen;
				INFOPLIST_KEY_UISupportedInterfaceOrientations = UIInterfaceOrientationPortrait;
				INFOPLIST_KEY_UISupportedInterfaceOrientations_iPad = "UIInterfaceOrientationLandscapeLeft UIInterfaceOrientationLandscapeRight UIInterfaceOrientationPortrait UIInterfaceOrientationPortraitUpsideDown";
				IPHONEOS_DEPLOYMENT_TARGET = 16.0;
				LD_RUNPATH_SEARCH_PATHS = (
					"$(inherited)",
					"@executable_path/Frameworks",
				);
				MARKETING_VERSION = 1.0;
				PRODUCT_BUNDLE_IDENTIFIER = com.hyleedevelop.UIKitVIPStudy;
				PRODUCT_NAME = "$(TARGET_NAME)";
				SUPPORTED_PLATFORMS = "iphoneos iphonesimulator";
				SUPPORTS_MACCATALYST = NO;
				SUPPORTS_MAC_DESIGNED_FOR_IPHONE_IPAD = NO;
				SWIFT_EMIT_LOC_STRINGS = YES;
				SWIFT_VERSION = 5.0;
				TARGETED_DEVICE_FAMILY = 1;
			};
			name = Debug;
		};
		07B2474C2B182A6C008049EE /* Release */ = {
			isa = XCBuildConfiguration;
			buildSettings = {
				ASSETCATALOG_COMPILER_APPICON_NAME = AppIcon;
				ASSETCATALOG_COMPILER_GLOBAL_ACCENT_COLOR_NAME = AccentColor;
				CODE_SIGN_STYLE = Automatic;
				CURRENT_PROJECT_VERSION = 1;
				DEVELOPMENT_TEAM = YJF2RZ2K47;
				GENERATE_INFOPLIST_FILE = YES;
				INFOPLIST_FILE = UIKitVIPStudy/Info.plist;
				INFOPLIST_KEY_CFBundleDisplayName = "깃허브 사용자 검색";
				INFOPLIST_KEY_UIApplicationSupportsIndirectInputEvents = YES;
				INFOPLIST_KEY_UILaunchStoryboardName = LaunchScreen;
				INFOPLIST_KEY_UISupportedInterfaceOrientations = UIInterfaceOrientationPortrait;
				INFOPLIST_KEY_UISupportedInterfaceOrientations_iPad = "UIInterfaceOrientationLandscapeLeft UIInterfaceOrientationLandscapeRight UIInterfaceOrientationPortrait UIInterfaceOrientationPortraitUpsideDown";
				IPHONEOS_DEPLOYMENT_TARGET = 16.0;
				LD_RUNPATH_SEARCH_PATHS = (
					"$(inherited)",
					"@executable_path/Frameworks",
				);
				MARKETING_VERSION = 1.0;
				PRODUCT_BUNDLE_IDENTIFIER = com.hyleedevelop.UIKitVIPStudy;
				PRODUCT_NAME = "$(TARGET_NAME)";
				SUPPORTED_PLATFORMS = "iphoneos iphonesimulator";
				SUPPORTS_MACCATALYST = NO;
				SUPPORTS_MAC_DESIGNED_FOR_IPHONE_IPAD = NO;
				SWIFT_EMIT_LOC_STRINGS = YES;
				SWIFT_VERSION = 5.0;
				TARGETED_DEVICE_FAMILY = 1;
			};
			name = Release;
		};
		07FC73D12B1C67FE00088F92 /* Debug */ = {
			isa = XCBuildConfiguration;
			buildSettings = {
				BUNDLE_LOADER = "$(TEST_HOST)";
				CODE_SIGN_STYLE = Automatic;
				CURRENT_PROJECT_VERSION = 1;
				DEVELOPMENT_TEAM = YJF2RZ2K47;
				GENERATE_INFOPLIST_FILE = YES;
				IPHONEOS_DEPLOYMENT_TARGET = 16.0;
				MARKETING_VERSION = 1.0;
				PRODUCT_BUNDLE_IDENTIFIER = com.hyleedevelop.UIKitVIPStudyTests;
				PRODUCT_NAME = "$(TARGET_NAME)";
				SUPPORTED_PLATFORMS = "iphoneos iphonesimulator";
				SUPPORTS_MACCATALYST = NO;
				SUPPORTS_MAC_DESIGNED_FOR_IPHONE_IPAD = NO;
				SWIFT_EMIT_LOC_STRINGS = NO;
				SWIFT_VERSION = 5.0;
				TARGETED_DEVICE_FAMILY = 1;
				TEST_HOST = "$(BUILT_PRODUCTS_DIR)/UIKitVIPStudy.app/$(BUNDLE_EXECUTABLE_FOLDER_PATH)/UIKitVIPStudy";
			};
			name = Debug;
		};
		07FC73D22B1C67FE00088F92 /* Release */ = {
			isa = XCBuildConfiguration;
			buildSettings = {
				BUNDLE_LOADER = "$(TEST_HOST)";
				CODE_SIGN_STYLE = Automatic;
				CURRENT_PROJECT_VERSION = 1;
				DEVELOPMENT_TEAM = YJF2RZ2K47;
				GENERATE_INFOPLIST_FILE = YES;
				IPHONEOS_DEPLOYMENT_TARGET = 16.0;
				MARKETING_VERSION = 1.0;
				PRODUCT_BUNDLE_IDENTIFIER = com.hyleedevelop.UIKitVIPStudyTests;
				PRODUCT_NAME = "$(TARGET_NAME)";
				SUPPORTED_PLATFORMS = "iphoneos iphonesimulator";
				SUPPORTS_MACCATALYST = NO;
				SUPPORTS_MAC_DESIGNED_FOR_IPHONE_IPAD = NO;
				SWIFT_EMIT_LOC_STRINGS = NO;
				SWIFT_VERSION = 5.0;
				TARGETED_DEVICE_FAMILY = 1;
				TEST_HOST = "$(BUILT_PRODUCTS_DIR)/UIKitVIPStudy.app/$(BUNDLE_EXECUTABLE_FOLDER_PATH)/UIKitVIPStudy";
			};
			name = Release;
		};
/* End XCBuildConfiguration section */

/* Begin XCConfigurationList section */
		07B247312B182A6B008049EE /* Build configuration list for PBXProject "UIKitVIPStudy" */ = {
			isa = XCConfigurationList;
			buildConfigurations = (
				07B247482B182A6C008049EE /* Debug */,
				07B247492B182A6C008049EE /* Release */,
			);
			defaultConfigurationIsVisible = 0;
			defaultConfigurationName = Release;
		};
		07B2474A2B182A6C008049EE /* Build configuration list for PBXNativeTarget "UIKitVIPStudy" */ = {
			isa = XCConfigurationList;
			buildConfigurations = (
				07B2474B2B182A6C008049EE /* Debug */,
				07B2474C2B182A6C008049EE /* Release */,
			);
			defaultConfigurationIsVisible = 0;
			defaultConfigurationName = Release;
		};
		07FC73D02B1C67FE00088F92 /* Build configuration list for PBXNativeTarget "UIKitVIPStudyTests" */ = {
			isa = XCConfigurationList;
			buildConfigurations = (
				07FC73D12B1C67FE00088F92 /* Debug */,
				07FC73D22B1C67FE00088F92 /* Release */,
			);
			defaultConfigurationIsVisible = 0;
			defaultConfigurationName = Release;
		};
/* End XCConfigurationList section */
	};
	rootObject = 07B2472E2B182A6B008049EE /* Project object */;
}
